
Microsoft Visual Studio Solution File, Format Version 12.00
# Visual Studio Version 16
VisualStudioVersion = 16.0.31624.102
MinimumVisualStudioVersion = 10.0.40219.1
Project("{9A19103F-16F7-4668-BE54-9A1E7A4F7556}") = "Tricount", "Tricount\Tricount.csproj", "{1B7806E1-EA0E-4D09-ADA4-CD3C84A1F2F0}"
EndProject
Project("{FAE04EC0-301F-11D3-BF4B-00C04F79EFBC}") = "Tricount.DAL", "Tricount.DAL\Tricount.DAL.csproj", "{52B58C48-07A9-4FBE-8297-29199C52E37F}"
EndProject
Global
	GlobalSection(SolutionConfigurationPlatforms) = preSolution
		Debug|Any CPU = Debug|Any CPU
		Release|Any CPU = Release|Any CPU
	EndGlobalSection
	GlobalSection(ProjectConfigurationPlatforms) = postSolution
		{1B7806E1-EA0E-4D09-ADA4-CD3C84A1F2F0}.Debug|Any CPU.ActiveCfg = Debug|Any CPU
		{1B7806E1-EA0E-4D09-ADA4-CD3C84A1F2F0}.Debug|Any CPU.Build.0 = Debug|Any CPU
		{1B7806E1-EA0E-4D09-ADA4-CD3C84A1F2F0}.Release|Any CPU.ActiveCfg = Release|Any CPU
		{1B7806E1-EA0E-4D09-ADA4-CD3C84A1F2F0}.Release|Any CPU.Build.0 = Release|Any CPU
		{52B58C48-07A9-4FBE-8297-29199C52E37F}.Debug|Any CPU.ActiveCfg = Debug|Any CPU
		{52B58C48-07A9-4FBE-8297-29199C52E37F}.Debug|Any CPU.Build.0 = Debug|Any CPU
		{52B58C48-07A9-4FBE-8297-29199C52E37F}.Release|Any CPU.ActiveCfg = Release|Any CPU
		{52B58C48-07A9-4FBE-8297-29199C52E37F}.Release|Any CPU.Build.0 = Release|Any CPU
	EndGlobalSection
	GlobalSection(SolutionProperties) = preSolution
		HideSolutionNode = FALSE
	EndGlobalSection
	GlobalSection(ExtensibilityGlobals) = postSolution
		SolutionGuid = {4B97C629-758D-4B8B-A6C0-22626B9BCEB0}
	EndGlobalSection
EndGlobal
